// !$*UTF8*$!
{
	archiveVersion = 1;
	classes = {
	};
	objectVersion = 56;
	objects = {

/* Begin PBXBuildFile section */
		26A88E65297E18E8007C9C05 /* AppDelegate.swift in Sources */ = {isa = PBXBuildFile; fileRef = 26A88E64297E18E8007C9C05 /* AppDelegate.swift */; };
		26A88E69297E18E8007C9C05 /* ViewController.swift in Sources */ = {isa = PBXBuildFile; fileRef = 26A88E68297E18E8007C9C05 /* ViewController.swift */; };
		26A88E6E297E18E9007C9C05 /* Assets.xcassets in Resources */ = {isa = PBXBuildFile; fileRef = 26A88E6D297E18E9007C9C05 /* Assets.xcassets */; };
		26A88E71297E18E9007C9C05 /* LaunchScreen.storyboard in Resources */ = {isa = PBXBuildFile; fileRef = 26A88E6F297E18E9007C9C05 /* LaunchScreen.storyboard */; };
		26A88E7C297E18E9007C9C05 /* LazyAlarmTests.swift in Sources */ = {isa = PBXBuildFile; fileRef = 26A88E7B297E18E9007C9C05 /* LazyAlarmTests.swift */; };
		26A88E86297E18E9007C9C05 /* LazyAlarmUITests.swift in Sources */ = {isa = PBXBuildFile; fileRef = 26A88E85297E18E9007C9C05 /* LazyAlarmUITests.swift */; };
		26A88E88297E18E9007C9C05 /* LazyAlarmUITestsLaunchTests.swift in Sources */ = {isa = PBXBuildFile; fileRef = 26A88E87297E18E9007C9C05 /* LazyAlarmUITestsLaunchTests.swift */; };
/* End PBXBuildFile section */

/* Begin PBXContainerItemProxy section */
		26A88E78297E18E9007C9C05 /* PBXContainerItemProxy */ = {
			isa = PBXContainerItemProxy;
			containerPortal = 26A88E59297E18E8007C9C05 /* Project object */;
			proxyType = 1;
			remoteGlobalIDString = 26A88E60297E18E8007C9C05;
			remoteInfo = LazyAlarm;
		};
		26A88E82297E18E9007C9C05 /* PBXContainerItemProxy */ = {
			isa = PBXContainerItemProxy;
			containerPortal = 26A88E59297E18E8007C9C05 /* Project object */;
			proxyType = 1;
			remoteGlobalIDString = 26A88E60297E18E8007C9C05;
			remoteInfo = LazyAlarm;
		};
/* End PBXContainerItemProxy section */

/* Begin PBXFileReference section */
		26A88E61297E18E8007C9C05 /* LazyAlarm.app */ = {isa = PBXFileReference; explicitFileType = wrapper.application; includeInIndex = 0; path = LazyAlarm.app; sourceTree = BUILT_PRODUCTS_DIR; };
		26A88E64297E18E8007C9C05 /* AppDelegate.swift */ = {isa = PBXFileReference; lastKnownFileType = sourcecode.swift; path = AppDelegate.swift; sourceTree = "<group>"; };
		26A88E68297E18E8007C9C05 /* ViewController.swift */ = {isa = PBXFileReference; lastKnownFileType = sourcecode.swift; path = ViewController.swift; sourceTree = "<group>"; };
		26A88E6D297E18E9007C9C05 /* Assets.xcassets */ = {isa = PBXFileReference; lastKnownFileType = folder.assetcatalog; path = Assets.xcassets; sourceTree = "<group>"; };
		26A88E70297E18E9007C9C05 /* Base */ = {isa = PBXFileReference; lastKnownFileType = file.storyboard; name = Base; path = Base.lproj/LaunchScreen.storyboard; sourceTree = "<group>"; };
		26A88E72297E18E9007C9C05 /* Info.plist */ = {isa = PBXFileReference; lastKnownFileType = text.plist.xml; path = Info.plist; sourceTree = "<group>"; };
		26A88E77297E18E9007C9C05 /* LazyAlarmTests.xctest */ = {isa = PBXFileReference; explicitFileType = wrapper.cfbundle; includeInIndex = 0; path = LazyAlarmTests.xctest; sourceTree = BUILT_PRODUCTS_DIR; };
		26A88E7B297E18E9007C9C05 /* LazyAlarmTests.swift */ = {isa = PBXFileReference; lastKnownFileType = sourcecode.swift; path = LazyAlarmTests.swift; sourceTree = "<group>"; };
		26A88E81297E18E9007C9C05 /* LazyAlarmUITests.xctest */ = {isa = PBXFileReference; explicitFileType = wrapper.cfbundle; includeInIndex = 0; path = LazyAlarmUITests.xctest; sourceTree = BUILT_PRODUCTS_DIR; };
		26A88E85297E18E9007C9C05 /* LazyAlarmUITests.swift */ = {isa = PBXFileReference; lastKnownFileType = sourcecode.swift; path = LazyAlarmUITests.swift; sourceTree = "<group>"; };
		26A88E87297E18E9007C9C05 /* LazyAlarmUITestsLaunchTests.swift */ = {isa = PBXFileReference; lastKnownFileType = sourcecode.swift; path = LazyAlarmUITestsLaunchTests.swift; sourceTree = "<group>"; };
/* End PBXFileReference section */

/* Begin PBXFrameworksBuildPhase section */
		26A88E5E297E18E8007C9C05 /* Frameworks */ = {
			isa = PBXFrameworksBuildPhase;
			buildActionMask = 2147483647;
			files = (
			);
			runOnlyForDeploymentPostprocessing = 0;
		};
		26A88E74297E18E9007C9C05 /* Frameworks */ = {
			isa = PBXFrameworksBuildPhase;
			buildActionMask = 2147483647;
			files = (
			);
			runOnlyForDeploymentPostprocessing = 0;
		};
		26A88E7E297E18E9007C9C05 /* Frameworks */ = {
			isa = PBXFrameworksBuildPhase;
			buildActionMask = 2147483647;
			files = (
			);
			runOnlyForDeploymentPostprocessing = 0;
		};
/* End PBXFrameworksBuildPhase section */

/* Begin PBXGroup section */
		26A88E58297E18E8007C9C05 = {
			isa = PBXGroup;
			children = (
				26A88E63297E18E8007C9C05 /* LazyAlarm */,
				26A88E7A297E18E9007C9C05 /* LazyAlarmTests */,
				26A88E84297E18E9007C9C05 /* LazyAlarmUITests */,
				26A88E62297E18E8007C9C05 /* Products */,
			);
			sourceTree = "<group>";
		};
		26A88E62297E18E8007C9C05 /* Products */ = {
			isa = PBXGroup;
			children = (
				26A88E61297E18E8007C9C05 /* LazyAlarm.app */,
				26A88E77297E18E9007C9C05 /* LazyAlarmTests.xctest */,
				26A88E81297E18E9007C9C05 /* LazyAlarmUITests.xctest */,
			);
			name = Products;
			sourceTree = "<group>";
		};
		26A88E63297E18E8007C9C05 /* LazyAlarm */ = {
			isa = PBXGroup;
			children = (
				26A88E64297E18E8007C9C05 /* AppDelegate.swift */,
				26A88E68297E18E8007C9C05 /* ViewController.swift */,
				26A88E6D297E18E9007C9C05 /* Assets.xcassets */,
				26A88E6F297E18E9007C9C05 /* LaunchScreen.storyboard */,
				26A88E72297E18E9007C9C05 /* Info.plist */,
			);
			path = LazyAlarm;
			sourceTree = "<group>";
		};
		26A88E7A297E18E9007C9C05 /* LazyAlarmTests */ = {
			isa = PBXGroup;
			children = (
				26A88E7B297E18E9007C9C05 /* LazyAlarmTests.swift */,
			);
			path = LazyAlarmTests;
			sourceTree = "<group>";
		};
		26A88E84297E18E9007C9C05 /* LazyAlarmUITests */ = {
			isa = PBXGroup;
			children = (
				26A88E85297E18E9007C9C05 /* LazyAlarmUITests.swift */,
				26A88E87297E18E9007C9C05 /* LazyAlarmUITestsLaunchTests.swift */,
			);
			path = LazyAlarmUITests;
			sourceTree = "<group>";
		};
/* End PBXGroup section */

/* Begin PBXNativeTarget section */
		26A88E60297E18E8007C9C05 /* LazyAlarm */ = {
			isa = PBXNativeTarget;
			buildConfigurationList = 26A88E8B297E18E9007C9C05 /* Build configuration list for PBXNativeTarget "LazyAlarm" */;
			buildPhases = (
				26A88E5D297E18E8007C9C05 /* Sources */,
				26A88E5E297E18E8007C9C05 /* Frameworks */,
				26A88E5F297E18E8007C9C05 /* Resources */,
			);
			buildRules = (
			);
			dependencies = (
			);
			name = LazyAlarm;
			productName = LazyAlarm;
			productReference = 26A88E61297E18E8007C9C05 /* LazyAlarm.app */;
			productType = "com.apple.product-type.application";
		};
		26A88E76297E18E9007C9C05 /* LazyAlarmTests */ = {
			isa = PBXNativeTarget;
			buildConfigurationList = 26A88E8E297E18E9007C9C05 /* Build configuration list for PBXNativeTarget "LazyAlarmTests" */;
			buildPhases = (
				26A88E73297E18E9007C9C05 /* Sources */,
				26A88E74297E18E9007C9C05 /* Frameworks */,
				26A88E75297E18E9007C9C05 /* Resources */,
			);
			buildRules = (
			);
			dependencies = (
				26A88E79297E18E9007C9C05 /* PBXTargetDependency */,
			);
			name = LazyAlarmTests;
			productName = LazyAlarmTests;
			productReference = 26A88E77297E18E9007C9C05 /* LazyAlarmTests.xctest */;
			productType = "com.apple.product-type.bundle.unit-test";
		};
		26A88E80297E18E9007C9C05 /* LazyAlarmUITests */ = {
			isa = PBXNativeTarget;
			buildConfigurationList = 26A88E91297E18E9007C9C05 /* Build configuration list for PBXNativeTarget "LazyAlarmUITests" */;
			buildPhases = (
				26A88E7D297E18E9007C9C05 /* Sources */,
				26A88E7E297E18E9007C9C05 /* Frameworks */,
				26A88E7F297E18E9007C9C05 /* Resources */,
			);
			buildRules = (
			);
			dependencies = (
				26A88E83297E18E9007C9C05 /* PBXTargetDependency */,
			);
			name = LazyAlarmUITests;
			productName = LazyAlarmUITests;
			productReference = 26A88E81297E18E9007C9C05 /* LazyAlarmUITests.xctest */;
			productType = "com.apple.product-type.bundle.ui-testing";
		};
/* End PBXNativeTarget section */

/* Begin PBXProject section */
		26A88E59297E18E8007C9C05 /* Project object */ = {
			isa = PBXProject;
			attributes = {
				BuildIndependentTargetsInParallel = 1;
				LastSwiftUpdateCheck = 1410;
				LastUpgradeCheck = 1410;
				TargetAttributes = {
					26A88E60297E18E8007C9C05 = {
						CreatedOnToolsVersion = 14.1;
					};
					26A88E76297E18E9007C9C05 = {
						CreatedOnToolsVersion = 14.1;
						TestTargetID = 26A88E60297E18E8007C9C05;
					};
					26A88E80297E18E9007C9C05 = {
						CreatedOnToolsVersion = 14.1;
						TestTargetID = 26A88E60297E18E8007C9C05;
					};
				};
			};
			buildConfigurationList = 26A88E5C297E18E8007C9C05 /* Build configuration list for PBXProject "LazyAlarm" */;
			compatibilityVersion = "Xcode 14.0";
			developmentRegion = en;
			hasScannedForEncodings = 0;
			knownRegions = (
				en,
				Base,
			);
			mainGroup = 26A88E58297E18E8007C9C05;
			productRefGroup = 26A88E62297E18E8007C9C05 /* Products */;
			projectDirPath = "";
			projectRoot = "";
			targets = (
				26A88E60297E18E8007C9C05 /* LazyAlarm */,
				26A88E76297E18E9007C9C05 /* LazyAlarmTests */,
				26A88E80297E18E9007C9C05 /* LazyAlarmUITests */,
			);
		};
/* End PBXProject section */

/* Begin PBXResourcesBuildPhase section */
		26A88E5F297E18E8007C9C05 /* Resources */ = {
			isa = PBXResourcesBuildPhase;
			buildActionMask = 2147483647;
			files = (
				26A88E71297E18E9007C9C05 /* LaunchScreen.storyboard in Resources */,
				26A88E6E297E18E9007C9C05 /* Assets.xcassets in Resources */,
			);
			runOnlyForDeploymentPostprocessing = 0;
		};
		26A88E75297E18E9007C9C05 /* Resources */ = {
			isa = PBXResourcesBuildPhase;
			buildActionMask = 2147483647;
			files = (
			);
			runOnlyForDeploymentPostprocessing = 0;
		};
		26A88E7F297E18E9007C9C05 /* Resources */ = {
			isa = PBXResourcesBuildPhase;
			buildActionMask = 2147483647;
			files = (
			);
			runOnlyForDeploymentPostprocessing = 0;
		};
/* End PBXResourcesBuildPhase section */

/* Begin PBXSourcesBuildPhase section */
		26A88E5D297E18E8007C9C05 /* Sources */ = {
			isa = PBXSourcesBuildPhase;
			buildActionMask = 2147483647;
			files = (
				26A88E69297E18E8007C9C05 /* ViewController.swift in Sources */,
				26A88E65297E18E8007C9C05 /* AppDelegate.swift in Sources */,
			);
			runOnlyForDeploymentPostprocessing = 0;
		};
		26A88E73297E18E9007C9C05 /* Sources */ = {
			isa = PBXSourcesBuildPhase;
			buildActionMask = 2147483647;
			files = (
				26A88E7C297E18E9007C9C05 /* LazyAlarmTests.swift in Sources */,
			);
			runOnlyForDeploymentPostprocessing = 0;
		};
		26A88E7D297E18E9007C9C05 /* Sources */ = {
			isa = PBXSourcesBuildPhase;
			buildActionMask = 2147483647;
			files = (
				26A88E88297E18E9007C9C05 /* LazyAlarmUITestsLaunchTests.swift in Sources */,
				26A88E86297E18E9007C9C05 /* LazyAlarmUITests.swift in Sources */,
			);
			runOnlyForDeploymentPostprocessing = 0;
		};
/* End PBXSourcesBuildPhase section */

/* Begin PBXTargetDependency section */
		26A88E79297E18E9007C9C05 /* PBXTargetDependency */ = {
			isa = PBXTargetDependency;
			target = 26A88E60297E18E8007C9C05 /* LazyAlarm */;
			targetProxy = 26A88E78297E18E9007C9C05 /* PBXContainerItemProxy */;
		};
		26A88E83297E18E9007C9C05 /* PBXTargetDependency */ = {
			isa = PBXTargetDependency;
			target = 26A88E60297E18E8007C9C05 /* LazyAlarm */;
			targetProxy = 26A88E82297E18E9007C9C05 /* PBXContainerItemProxy */;
		};
/* End PBXTargetDependency section */

/* Begin PBXVariantGroup section */
		26A88E6F297E18E9007C9C05 /* LaunchScreen.storyboard */ = {
			isa = PBXVariantGroup;
			children = (
				26A88E70297E18E9007C9C05 /* Base */,
			);
			name = LaunchScreen.storyboard;
			sourceTree = "<group>";
		};
/* End PBXVariantGroup section */

/* Begin XCBuildConfiguration section */
		26A88E89297E18E9007C9C05 /* Debug */ = {
			isa = XCBuildConfiguration;
			buildSettings = {
				ALWAYS_SEARCH_USER_PATHS = NO;
				CLANG_ANALYZER_NONNULL = YES;
				CLANG_ANALYZER_NUMBER_OBJECT_CONVERSION = YES_AGGRESSIVE;
				CLANG_CXX_LANGUAGE_STANDARD = "gnu++20";
				CLANG_ENABLE_MODULES = YES;
				CLANG_ENABLE_OBJC_ARC = YES;
				CLANG_ENABLE_OBJC_WEAK = YES;
				CLANG_WARN_BLOCK_CAPTURE_AUTORELEASING = YES;
				CLANG_WARN_BOOL_CONVERSION = YES;
				CLANG_WARN_COMMA = YES;
				CLANG_WARN_CONSTANT_CONVERSION = YES;
				CLANG_WARN_DEPRECATED_OBJC_IMPLEMENTATIONS = YES;
				CLANG_WARN_DIRECT_OBJC_ISA_USAGE = YES_ERROR;
				CLANG_WARN_DOCUMENTATION_COMMENTS = YES;
				CLANG_WARN_EMPTY_BODY = YES;
				CLANG_WARN_ENUM_CONVERSION = YES;
				CLANG_WARN_INFINITE_RECURSION = YES;
				CLANG_WARN_INT_CONVERSION = YES;
				CLANG_WARN_NON_LITERAL_NULL_CONVERSION = YES;
				CLANG_WARN_OBJC_IMPLICIT_RETAIN_SELF = YES;
				CLANG_WARN_OBJC_LITERAL_CONVERSION = YES;
				CLANG_WARN_OBJC_ROOT_CLASS = YES_ERROR;
				CLANG_WARN_QUOTED_INCLUDE_IN_FRAMEWORK_HEADER = YES;
				CLANG_WARN_RANGE_LOOP_ANALYSIS = YES;
				CLANG_WARN_STRICT_PROTOTYPES = YES;
				CLANG_WARN_SUSPICIOUS_MOVE = YES;
				CLANG_WARN_UNGUARDED_AVAILABILITY = YES_AGGRESSIVE;
				CLANG_WARN_UNREACHABLE_CODE = YES;
				CLANG_WARN__DUPLICATE_METHOD_MATCH = YES;
				COPY_PHASE_STRIP = NO;
				DEBUG_INFORMATION_FORMAT = dwarf;
				ENABLE_STRICT_OBJC_MSGSEND = YES;
				ENABLE_TESTABILITY = YES;
				GCC_C_LANGUAGE_STANDARD = gnu11;
				GCC_DYNAMIC_NO_PIC = NO;
				GCC_NO_COMMON_BLOCKS = YES;
				GCC_OPTIMIZATION_LEVEL = 0;
				GCC_PREPROCESSOR_DEFINITIONS = (
					"DEBUG=1",
					"$(inherited)",
				);
				GCC_WARN_64_TO_32_BIT_CONVERSION = YES;
				GCC_WARN_ABOUT_RETURN_TYPE = YES_ERROR;
				GCC_WARN_UNDECLARED_SELECTOR = YES;
				GCC_WARN_UNINITIALIZED_AUTOS = YES_AGGRESSIVE;
				GCC_WARN_UNUSED_FUNCTION = YES;
				GCC_WARN_UNUSED_VARIABLE = YES;
				IPHONEOS_DEPLOYMENT_TARGET = 13.0;
				MTL_ENABLE_DEBUG_INFO = INCLUDE_SOURCE;
				MTL_FAST_MATH = YES;
				ONLY_ACTIVE_ARCH = YES;
				SDKROOT = iphoneos;
				SWIFT_ACTIVE_COMPILATION_CONDITIONS = DEBUG;
				SWIFT_OPTIMIZATION_LEVEL = "-Onone";
			};
			name = Debug;
		};
		26A88E8A297E18E9007C9C05 /* Release */ = {
			isa = XCBuildConfiguration;
			buildSettings = {
				ALWAYS_SEARCH_USER_PATHS = NO;
				CLANG_ANALYZER_NONNULL = YES;
				CLANG_ANALYZER_NUMBER_OBJECT_CONVERSION = YES_AGGRESSIVE;
				CLANG_CXX_LANGUAGE_STANDARD = "gnu++20";
				CLANG_ENABLE_MODULES = YES;
				CLANG_ENABLE_OBJC_ARC = YES;
				CLANG_ENABLE_OBJC_WEAK = YES;
				CLANG_WARN_BLOCK_CAPTURE_AUTORELEASING = YES;
				CLANG_WARN_BOOL_CONVERSION = YES;
				CLANG_WARN_COMMA = YES;
				CLANG_WARN_CONSTANT_CONVERSION = YES;
				CLANG_WARN_DEPRECATED_OBJC_IMPLEMENTATIONS = YES;
				CLANG_WARN_DIRECT_OBJC_ISA_USAGE = YES_ERROR;
				CLANG_WARN_DOCUMENTATION_COMMENTS = YES;
				CLANG_WARN_EMPTY_BODY = YES;
				CLANG_WARN_ENUM_CONVERSION = YES;
				CLANG_WARN_INFINITE_RECURSION = YES;
				CLANG_WARN_INT_CONVERSION = YES;
				CLANG_WARN_NON_LITERAL_NULL_CONVERSION = YES;
				CLANG_WARN_OBJC_IMPLICIT_RETAIN_SELF = YES;
				CLANG_WARN_OBJC_LITERAL_CONVERSION = YES;
				CLANG_WARN_OBJC_ROOT_CLASS = YES_ERROR;
				CLANG_WARN_QUOTED_INCLUDE_IN_FRAMEWORK_HEADER = YES;
				CLANG_WARN_RANGE_LOOP_ANALYSIS = YES;
				CLANG_WARN_STRICT_PROTOTYPES = YES;
				CLANG_WARN_SUSPICIOUS_MOVE = YES;
				CLANG_WARN_UNGUARDED_AVAILABILITY = YES_AGGRESSIVE;
				CLANG_WARN_UNREACHABLE_CODE = YES;
				CLANG_WARN__DUPLICATE_METHOD_MATCH = YES;
				COPY_PHASE_STRIP = NO;
				DEBUG_INFORMATION_FORMAT = "dwarf-with-dsym";
				ENABLE_NS_ASSERTIONS = NO;
				ENABLE_STRICT_OBJC_MSGSEND = YES;
				GCC_C_LANGUAGE_STANDARD = gnu11;
				GCC_NO_COMMON_BLOCKS = YES;
				GCC_WARN_64_TO_32_BIT_CONVERSION = YES;
				GCC_WARN_ABOUT_RETURN_TYPE = YES_ERROR;
				GCC_WARN_UNDECLARED_SELECTOR = YES;
				GCC_WARN_UNINITIALIZED_AUTOS = YES_AGGRESSIVE;
				GCC_WARN_UNUSED_FUNCTION = YES;
				GCC_WARN_UNUSED_VARIABLE = YES;
				IPHONEOS_DEPLOYMENT_TARGET = 13.0;
				MTL_ENABLE_DEBUG_INFO = NO;
				MTL_FAST_MATH = YES;
				SDKROOT = iphoneos;
				SWIFT_COMPILATION_MODE = wholemodule;
				SWIFT_OPTIMIZATION_LEVEL = "-O";
				VALIDATE_PRODUCT = YES;
			};
			name = Release;
		};
		26A88E8C297E18E9007C9C05 /* Debug */ = {
			isa = XCBuildConfiguration;
			buildSettings = {
				ASSETCATALOG_COMPILER_APPICON_NAME = AppIcon;
				ASSETCATALOG_COMPILER_GLOBAL_ACCENT_COLOR_NAME = AccentColor;
				CODE_SIGN_STYLE = Automatic;
				CURRENT_PROJECT_VERSION = 1;
				GENERATE_INFOPLIST_FILE = YES;
				INFOPLIST_FILE = LazyAlarm/Info.plist;
				INFOPLIST_KEY_UIApplicationSupportsIndirectInputEvents = YES;
				INFOPLIST_KEY_UILaunchStoryboardName = LaunchScreen;
				INFOPLIST_KEY_UISupportedInterfaceOrientations_iPad = "UIInterfaceOrientationPortrait UIInterfaceOrientationPortraitUpsideDown UIInterfaceOrientationLandscapeLeft UIInterfaceOrientationLandscapeRight";
				INFOPLIST_KEY_UISupportedInterfaceOrientations_iPhone = "UIInterfaceOrientationPortrait UIInterfaceOrientationLandscapeLeft UIInterfaceOrientationLandscapeRight";
				IPHONEOS_DEPLOYMENT_TARGET = 13.0;
				LD_RUNPATH_SEARCH_PATHS = (
					"$(inherited)",
					"@executable_path/Frameworks",
				);
				MARKETING_VERSION = 1.0;
				PRODUCT_BUNDLE_IDENTIFIER = com.jaymerutkoski.LazyAlarm;
				PRODUCT_NAME = "$(TARGET_NAME)";
				SWIFT_EMIT_LOC_STRINGS = YES;
				SWIFT_VERSION = 5.0;
				TARGETED_DEVICE_FAMILY = "1,2";
			};
			name = Debug;
		};
		26A88E8D297E18E9007C9C05 /* Release */ = {
			isa = XCBuildConfiguration;
			buildSettings = {
				ASSETCATALOG_COMPILER_APPICON_NAME = AppIcon;
				ASSETCATALOG_COMPILER_GLOBAL_ACCENT_COLOR_NAME = AccentColor;
				CODE_SIGN_STYLE = Automatic;
				CURRENT_PROJECT_VERSION = 1;
				GENERATE_INFOPLIST_FILE = YES;
				INFOPLIST_FILE = LazyAlarm/Info.plist;
				INFOPLIST_KEY_UIApplicationSupportsIndirectInputEvents = YES;
				INFOPLIST_KEY_UILaunchStoryboardName = LaunchScreen;
				INFOPLIST_KEY_UISupportedInterfaceOrientations_iPad = "UIInterfaceOrientationPortrait UIInterfaceOrientationPortraitUpsideDown UIInterfaceOrientationLandscapeLeft UIInterfaceOrientationLandscapeRight";
				INFOPLIST_KEY_UISupportedInterfaceOrientations_iPhone = "UIInterfaceOrientationPortrait UIInterfaceOrientationLandscapeLeft UIInterfaceOrientationLandscapeRight";
				IPHONEOS_DEPLOYMENT_TARGET = 13.0;
				LD_RUNPATH_SEARCH_PATHS = (
					"$(inherited)",
					"@executable_path/Frameworks",
				);
				MARKETING_VERSION = 1.0;
				PRODUCT_BUNDLE_IDENTIFIER = com.jaymerutkoski.LazyAlarm;
				PRODUCT_NAME = "$(TARGET_NAME)";
				SWIFT_EMIT_LOC_STRINGS = YES;
				SWIFT_VERSION = 5.0;
				TARGETED_DEVICE_FAMILY = "1,2";
			};
			name = Release;
		};
		26A88E8F297E18E9007C9C05 /* Debug */ = {
			isa = XCBuildConfiguration;
			buildSettings = {
				ALWAYS_EMBED_SWIFT_STANDARD_LIBRARIES = YES;
				BUNDLE_LOADER = "$(TEST_HOST)";
				CODE_SIGN_STYLE = Automatic;
				CURRENT_PROJECT_VERSION = 1;
				GENERATE_INFOPLIST_FILE = YES;
				IPHONEOS_DEPLOYMENT_TARGET = 16.1;
				MARKETING_VERSION = 1.0;
				PRODUCT_BUNDLE_IDENTIFIER = com.jaymerutkoski.LazyAlarmTests;
				PRODUCT_NAME = "$(TARGET_NAME)";
				SWIFT_EMIT_LOC_STRINGS = NO;
				SWIFT_VERSION = 5.0;
				TARGETED_DEVICE_FAMILY = "1,2";
				TEST_HOST = "$(BUILT_PRODUCTS_DIR)/LazyAlarm.app/$(BUNDLE_EXECUTABLE_FOLDER_PATH)/LazyAlarm";
			};
			name = Debug;
		};
		26A88E90297E18E9007C9C05 /* Release */ = {
			isa = XCBuildConfiguration;
			buildSettings = {
				ALWAYS_EMBED_SWIFT_STANDARD_LIBRARIES = YES;
				BUNDLE_LOADER = "$(TEST_HOST)";
				CODE_SIGN_STYLE = Automatic;
				CURRENT_PROJECT_VERSION = 1;
				GENERATE_INFOPLIST_FILE = YES;
				IPHONEOS_DEPLOYMENT_TARGET = 16.1;
				MARKETING_VERSION = 1.0;
				PRODUCT_BUNDLE_IDENTIFIER = com.jaymerutkoski.LazyAlarmTests;
				PRODUCT_NAME = "$(TARGET_NAME)";
				SWIFT_EMIT_LOC_STRINGS = NO;
				SWIFT_VERSION = 5.0;
				TARGETED_DEVICE_FAMILY = "1,2";
				TEST_HOST = "$(BUILT_PRODUCTS_DIR)/LazyAlarm.app/$(BUNDLE_EXECUTABLE_FOLDER_PATH)/LazyAlarm";
			};
			name = Release;
		};
		26A88E92297E18E9007C9C05 /* Debug */ = {
			isa = XCBuildConfiguration;
			buildSettings = {
				ALWAYS_EMBED_SWIFT_STANDARD_LIBRARIES = YES;
				CODE_SIGN_STYLE = Automatic;
				CURRENT_PROJECT_VERSION = 1;
				GENERATE_INFOPLIST_FILE = YES;
				MARKETING_VERSION = 1.0;
				PRODUCT_BUNDLE_IDENTIFIER = com.jaymerutkoski.LazyAlarmUITests;
				PRODUCT_NAME = "$(TARGET_NAME)";
				SWIFT_EMIT_LOC_STRINGS = NO;
				SWIFT_VERSION = 5.0;
				TARGETED_DEVICE_FAMILY = "1,2";
				TEST_TARGET_NAME = LazyAlarm;
			};
			name = Debug;
		};
		26A88E93297E18E9007C9C05 /* Release */ = {
			isa = XCBuildConfiguration;
			buildSettings = {
				ALWAYS_EMBED_SWIFT_STANDARD_LIBRARIES = YES;
				CODE_SIGN_STYLE = Automatic;
				CURRENT_PROJECT_VERSION = 1;
				GENERATE_INFOPLIST_FILE = YES;
				MARKETING_VERSION = 1.0;
				PRODUCT_BUNDLE_IDENTIFIER = com.jaymerutkoski.LazyAlarmUITests;
				PRODUCT_NAME = "$(TARGET_NAME)";
				SWIFT_EMIT_LOC_STRINGS = NO;
				SWIFT_VERSION = 5.0;
				TARGETED_DEVICE_FAMILY = "1,2";
				TEST_TARGET_NAME = LazyAlarm;
			};
			name = Release;
		};
/* End XCBuildConfiguration section */

/* Begin XCConfigurationList section */
		26A88E5C297E18E8007C9C05 /* Build configuration list for PBXProject "LazyAlarm" */ = {
			isa = XCConfigurationList;
			buildConfigurations = (
				26A88E89297E18E9007C9C05 /* Debug */,
				26A88E8A297E18E9007C9C05 /* Release */,
			);
			defaultConfigurationIsVisible = 0;
			defaultConfigurationName = Release;
		};
		26A88E8B297E18E9007C9C05 /* Build configuration list for PBXNativeTarget "LazyAlarm" */ = {
			isa = XCConfigurationList;
			buildConfigurations = (
				26A88E8C297E18E9007C9C05 /* Debug */,
				26A88E8D297E18E9007C9C05 /* Release */,
			);
			defaultConfigurationIsVisible = 0;
			defaultConfigurationName = Release;
		};
		26A88E8E297E18E9007C9C05 /* Build configuration list for PBXNativeTarget "LazyAlarmTests" */ = {
			isa = XCConfigurationList;
			buildConfigurations = (
				26A88E8F297E18E9007C9C05 /* Debug */,
				26A88E90297E18E9007C9C05 /* Release */,
			);
			defaultConfigurationIsVisible = 0;
			defaultConfigurationName = Release;
		};
		26A88E91297E18E9007C9C05 /* Build configuration list for PBXNativeTarget "LazyAlarmUITests" */ = {
			isa = XCConfigurationList;
			buildConfigurations = (
				26A88E92297E18E9007C9C05 /* Debug */,
				26A88E93297E18E9007C9C05 /* Release */,
			);
			defaultConfigurationIsVisible = 0;
			defaultConfigurationName = Release;
		};
/* End XCConfigurationList section */
	};
	rootObject = 26A88E59297E18E8007C9C05 /* Project object */;
}
